Microsoft Visual Studio Solution File, Format Version 11.00
# Visual Studio 2008

Project("{C1336794-5D5D-4C91-047B-3B50234AA7AB}") = "code", "Assembly-CSharp-firstpass.csproj", "{92B788D6-BE52-BDFF-9F24-DD2DFC659CB8}"
EndProject
Project("{C1336794-5D5D-4C91-047B-3B50234AA7AB}") = "code", "Assembly-CSharp.csproj", "{FC3F145C-D39D-AA0E-1B23-FBCD4E2AFA7F}"
EndProject
Project("{C1336794-5D5D-4C91-047B-3B50234AA7AB}") = "code", "Assembly-CSharp-Editor.csproj", "{F3AF04DC-4A57-7B40-956A-A5A70FB01E3E}"
EndProject
Project("{C1336794-5D5D-4C91-047B-3B50234AA7AB}") = "code", "Assembly-UnityScript-firstpass.unityproj", "{C72C4863-56A0-9DB4-56D8-607EF9A4FCE3}"
EndProject
Project("{C1336794-5D5D-4C91-047B-3B50234AA7AB}") = "code", "Assembly-UnityScript.unityproj", "{4F891317-B037-C325-D113-827E06BB79E4}"
EndProject
Project("{C1336794-5D5D-4C91-047B-3B50234AA7AB}") = "code", "Assembly-UnityScript-Editor.unityproj", "{165F70D5-C59E-A862-6CD0-B0F3BEBF8B3A}"
EndProject
Global
	GlobalSection(SolutionConfigurationPlatforms) = preSolution
		Debug|Any CPU = Debug|Any CPU
		Release|Any CPU = Release|Any CPU
	EndGlobalSection
	GlobalSection(ProjectConfigurationPlatforms) = postSolution
		{92B788D6-BE52-BDFF-9F24-DD2DFC659CB8}.Debug|Any CPU.ActiveCfg = Debug|Any CPU
		{92B788D6-BE52-BDFF-9F24-DD2DFC659CB8}.Debug|Any CPU.Build.0 = Debug|Any CPU
		{92B788D6-BE52-BDFF-9F24-DD2DFC659CB8}.Release|Any CPU.ActiveCfg = Release|Any CPU
		{92B788D6-BE52-BDFF-9F24-DD2DFC659CB8}.Release|Any CPU.Build.0 = Release|Any CPU
		{FC3F145C-D39D-AA0E-1B23-FBCD4E2AFA7F}.Debug|Any CPU.ActiveCfg = Debug|Any CPU
		{FC3F145C-D39D-AA0E-1B23-FBCD4E2AFA7F}.Debug|Any CPU.Build.0 = Debug|Any CPU
		{FC3F145C-D39D-AA0E-1B23-FBCD4E2AFA7F}.Release|Any CPU.ActiveCfg = Release|Any CPU
		{FC3F145C-D39D-AA0E-1B23-FBCD4E2AFA7F}.Release|Any CPU.Build.0 = Release|Any CPU
		{F3AF04DC-4A57-7B40-956A-A5A70FB01E3E}.Debug|Any CPU.ActiveCfg = Debug|Any CPU
		{F3AF04DC-4A57-7B40-956A-A5A70FB01E3E}.Debug|Any CPU.Build.0 = Debug|Any CPU
		{F3AF04DC-4A57-7B40-956A-A5A70FB01E3E}.Release|Any CPU.ActiveCfg = Release|Any CPU
		{F3AF04DC-4A57-7B40-956A-A5A70FB01E3E}.Release|Any CPU.Build.0 = Release|Any CPU
		{C72C4863-56A0-9DB4-56D8-607EF9A4FCE3}.Debug|Any CPU.ActiveCfg = Debug|Any CPU
		{C72C4863-56A0-9DB4-56D8-607EF9A4FCE3}.Debug|Any CPU.Build.0 = Debug|Any CPU
		{C72C4863-56A0-9DB4-56D8-607EF9A4FCE3}.Release|Any CPU.ActiveCfg = Release|Any CPU
		{C72C4863-56A0-9DB4-56D8-607EF9A4FCE3}.Release|Any CPU.Build.0 = Release|Any CPU
		{4F891317-B037-C325-D113-827E06BB79E4}.Debug|Any CPU.ActiveCfg = Debug|Any CPU
		{4F891317-B037-C325-D113-827E06BB79E4}.Debug|Any CPU.Build.0 = Debug|Any CPU
		{4F891317-B037-C325-D113-827E06BB79E4}.Release|Any CPU.ActiveCfg = Release|Any CPU
		{4F891317-B037-C325-D113-827E06BB79E4}.Release|Any CPU.Build.0 = Release|Any CPU
		{165F70D5-C59E-A862-6CD0-B0F3BEBF8B3A}.Debug|Any CPU.ActiveCfg = Debug|Any CPU
		{165F70D5-C59E-A862-6CD0-B0F3BEBF8B3A}.Debug|Any CPU.Build.0 = Debug|Any CPU
		{165F70D5-C59E-A862-6CD0-B0F3BEBF8B3A}.Release|Any CPU.ActiveCfg = Release|Any CPU
		{165F70D5-C59E-A862-6CD0-B0F3BEBF8B3A}.Release|Any CPU.Build.0 = Release|Any CPU
	EndGlobalSection
	GlobalSection(SolutionProperties) = preSolution
		HideSolutionNode = FALSE
	EndGlobalSection
			GlobalSection(MonoDevelopProperties) = preSolution
		StartupItem = Assembly-CSharp.csproj
		Policies = $0
		$0.TextStylePolicy = $1
		$1.inheritsSet = null
		$1.scope = text/x-csharp
		$0.CSharpFormattingPolicy = $2
		$2.inheritsSet = Mono
		$2.inheritsScope = text/x-csharp
		$2.scope = text/x-csharp
		$0.TextStylePolicy = $3
		$3.FileWidth = 120
		$3.TabWidth = 4
		$3.EolMarker = Unix
		$3.inheritsSet = Mono
		$3.inheritsScope = text/plain
		$3.scope = text/plain
	EndGlobalSection

EndGlobal
